PODS:
  - Agrume (5.8.7):
    - SwiftyGif
  - Cache (6.0.0)
  - Imaginary (5.0.0):
    - Cache (~> 6.0.0)
  - Lightbox (2.5.0):
    - Imaginary (~> 5.0.0)
  - NYTPhotoViewer (5.0.8):
    - NYTPhotoViewer/AnimatedGifSupport (= 5.0.8)
    - NYTPhotoViewer/Core (= 5.0.8)
  - NYTPhotoViewer/AnimatedGifSupport (5.0.8):
    - NYTPhotoViewer/Core
    - PINRemoteImage/iOS
    - PINRemoteImage/PINCache
  - NYTPhotoViewer/Core (5.0.8)
  - PINCache (3.0.3):
    - PINCache/Arc-exception-safe (= 3.0.3)
    - PINCache/Core (= 3.0.3)
  - PINCache/Arc-exception-safe (3.0.3):
    - PINCache/Core
  - PINCache/Core (3.0.3):
    - PINOperation (~> 1.2.1)
  - PINOperation (1.2.2)
  - PINRemoteImage/Core (3.0.3):
    - PINOperation
  - PINRemoteImage/iOS (3.0.3):
    - PINRemoteImage/Core
  - PINRemoteImage/PINCache (3.0.3):
    - PINCache (~> 3.0.3)
    - PINRemoteImage/Core
  - SDWebImage (5.18.5):
    - SDWebImage/Core (= 5.18.5)
  - SDWebImage/Core (5.18.5)
  - SwifterSwift (6.0.0):
    - SwifterSwift/AppKit (= 6.0.0)
    - SwifterSwift/Combine (= 6.0.0)
    - SwifterSwift/CoreAnimation (= 6.0.0)
    - SwifterSwift/CoreGraphics (= 6.0.0)
    - SwifterSwift/CoreLocation (= 6.0.0)
    - SwifterSwift/CryptoKit (= 6.0.0)
    - SwifterSwift/Dispatch (= 6.0.0)
    - SwifterSwift/Foundation (= 6.0.0)
    - SwifterSwift/HealthKit (= 6.0.0)
    - SwifterSwift/MapKit (= 6.0.0)
    - SwifterSwift/SceneKit (= 6.0.0)
    - SwifterSwift/SpriteKit (= 6.0.0)
    - SwifterSwift/StoreKit (= 6.0.0)
    - SwifterSwift/SwiftStdlib (= 6.0.0)
    - SwifterSwift/UIKit (= 6.0.0)
    - SwifterSwift/WebKit (= 6.0.0)
  - SwifterSwift/AppKit (6.0.0)
  - SwifterSwift/Combine (6.0.0)
  - SwifterSwift/CoreAnimation (6.0.0)
  - SwifterSwift/CoreGraphics (6.0.0)
  - SwifterSwift/CoreLocation (6.0.0)
  - SwifterSwift/CryptoKit (6.0.0)
  - SwifterSwift/Dispatch (6.0.0)
  - SwifterSwift/Foundation (6.0.0)
  - SwifterSwift/HealthKit (6.0.0)
  - SwifterSwift/MapKit (6.0.0)
  - SwifterSwift/SceneKit (6.0.0)
  - SwifterSwift/SpriteKit (6.0.0)
  - SwifterSwift/StoreKit (6.0.0)
  - SwifterSwift/SwiftStdlib (6.0.0)
  - SwifterSwift/UIKit (6.0.0)
  - SwifterSwift/WebKit (6.0.0)
  - SwiftyGif (5.4.4)
  - VFCabbage (0.5.1)

DEPENDENCIES:
  - Agrume
  - Lightbox
  - NYTPhotoViewer
  - SDWebImage
  - SwifterSwift
  - VFCabbage

SPEC REPOS:
  trunk:
    - Agrume
    - Cache
    - Imaginary
    - Lightbox
    - NYTPhotoViewer
    - PINCache
    - PINOperation
    - PINRemoteImage
    - SDWebImage
    - SwifterSwift
    - SwiftyGif
    - VFCabbage

SPEC CHECKSUMS:
  Agrume: f857f2d7375e894e5d6b49d504b073fbe0aedd9f
  Cache: 4ca7e00363fca5455f26534e5607634c820ffc2d
  Imaginary: cf5e3a7dd6ab1dcbd47ba8ce5edf2307c4e99eb3
  Lightbox: cc3d5124f024fa8197fd23f913160db1c61a1852
  NYTPhotoViewer: 86a8fb34f82e468fd0d49c8de71cbe1fb45de2ae
  PINCache: 7a8fc1a691173d21dbddbf86cd515de6efa55086
  PINOperation: daa34d4aa1d8449089be7d405b9d974abc4724c6
  PINRemoteImage: f1295b29f8c5e640e25335a1b2bd9d805171bd01
  SDWebImage: 7ac2b7ddc5e8484c79aa90fc4e30b149d6a2c88f
  SwifterSwift: 66843dc594f8fb890f5543c22545921d44acc004
  SwiftyGif: 93a1cc87bf3a51916001cf8f3d63835fb64c819f
  VFCabbage: eb7c401e002e66a9f641590f274d9d5a6bfa85e2

PODFILE CHECKSUM: 8ea05c7ca03c8dc2c9637ab1d01c9de7b0277c14

COCOAPODS: 1.14.2
