// !$*UTF8*$!
{
	archiveVersion = 1;
	classes = {
	};
	objectVersion = 56;
	objects = {

/* Begin PBXBuildFile section */
		AD6034C75C788176B37F7634 /* Pods_MediaApp.framework in Frameworks */ = {isa = PBXBuildFile; fileRef = 8AE4091E087B9063535A3DEC /* Pods_MediaApp.framework */; };
		B19890942B59577900C1F93F /* PlayerDetailsViewController.swift in Sources */ = {isa = PBXBuildFile; fileRef = B19890932B59577900C1F93F /* PlayerDetailsViewController.swift */; };
		B19890962B5EB43500C1F93F /* CabbageViewController.swift in Sources */ = {isa = PBXBuildFile; fileRef = B19890952B5EB43500C1F93F /* CabbageViewController.swift */; };
		B1F1350C2B502870009E80A3 /* AppDelegate.swift in Sources */ = {isa = PBXBuildFile; fileRef = B1F1350B2B502870009E80A3 /* AppDelegate.swift */; };
		B1F1350E2B502870009E80A3 /* SceneDelegate.swift in Sources */ = {isa = PBXBuildFile; fileRef = B1F1350D2B502870009E80A3 /* SceneDelegate.swift */; };
		B1F135102B502870009E80A3 /* LibsViewController.swift in Sources */ = {isa = PBXBuildFile; fileRef = B1F1350F2B502870009E80A3 /* LibsViewController.swift */; };
		B1F135152B502872009E80A3 /* Assets.xcassets in Resources */ = {isa = PBXBuildFile; fileRef = B1F135142B502872009E80A3 /* Assets.xcassets */; };
		B1F135182B502872009E80A3 /* LaunchScreen.storyboard in Resources */ = {isa = PBXBuildFile; fileRef = B1F135162B502872009E80A3 /* LaunchScreen.storyboard */; };
/* End PBXBuildFile section */

/* Begin PBXFileReference section */
		8AE4091E087B9063535A3DEC /* Pods_MediaApp.framework */ = {isa = PBXFileReference; explicitFileType = wrapper.framework; includeInIndex = 0; path = Pods_MediaApp.framework; sourceTree = BUILT_PRODUCTS_DIR; };
		A5E553F92B1518216BB4F6E6 /* Pods-MediaApp.debug.xcconfig */ = {isa = PBXFileReference; includeInIndex = 1; lastKnownFileType = text.xcconfig; name = "Pods-MediaApp.debug.xcconfig"; path = "Target Support Files/Pods-MediaApp/Pods-MediaApp.debug.xcconfig"; sourceTree = "<group>"; };
		B19890932B59577900C1F93F /* PlayerDetailsViewController.swift */ = {isa = PBXFileReference; lastKnownFileType = sourcecode.swift; path = PlayerDetailsViewController.swift; sourceTree = "<group>"; };
		B19890952B5EB43500C1F93F /* CabbageViewController.swift */ = {isa = PBXFileReference; lastKnownFileType = sourcecode.swift; path = CabbageViewController.swift; sourceTree = "<group>"; };
		B1F135082B502870009E80A3 /* MediaApp.app */ = {isa = PBXFileReference; explicitFileType = wrapper.application; includeInIndex = 0; path = MediaApp.app; sourceTree = BUILT_PRODUCTS_DIR; };
		B1F1350B2B502870009E80A3 /* AppDelegate.swift */ = {isa = PBXFileReference; lastKnownFileType = sourcecode.swift; path = AppDelegate.swift; sourceTree = "<group>"; };
		B1F1350D2B502870009E80A3 /* SceneDelegate.swift */ = {isa = PBXFileReference; lastKnownFileType = sourcecode.swift; path = SceneDelegate.swift; sourceTree = "<group>"; };
		B1F1350F2B502870009E80A3 /* LibsViewController.swift */ = {isa = PBXFileReference; lastKnownFileType = sourcecode.swift; path = LibsViewController.swift; sourceTree = "<group>"; };
		B1F135142B502872009E80A3 /* Assets.xcassets */ = {isa = PBXFileReference; lastKnownFileType = folder.assetcatalog; path = Assets.xcassets; sourceTree = "<group>"; };
		B1F135172B502872009E80A3 /* Base */ = {isa = PBXFileReference; lastKnownFileType = file.storyboard; name = Base; path = Base.lproj/LaunchScreen.storyboard; sourceTree = "<group>"; };
		B1F135192B502872009E80A3 /* Info.plist */ = {isa = PBXFileReference; lastKnownFileType = text.plist.xml; path = Info.plist; sourceTree = "<group>"; };
		F56B20D87B558ECA79D311F7 /* Pods-MediaApp.release.xcconfig */ = {isa = PBXFileReference; includeInIndex = 1; lastKnownFileType = text.xcconfig; name = "Pods-MediaApp.release.xcconfig"; path = "Target Support Files/Pods-MediaApp/Pods-MediaApp.release.xcconfig"; sourceTree = "<group>"; };
/* End PBXFileReference section */

/* Begin PBXFrameworksBuildPhase section */
		B1F135052B502870009E80A3 /* Frameworks */ = {
			isa = PBXFrameworksBuildPhase;
			buildActionMask = 2147483647;
			files = (
				AD6034C75C788176B37F7634 /* Pods_MediaApp.framework in Frameworks */,
			);
			runOnlyForDeploymentPostprocessing = 0;
		};
/* End PBXFrameworksBuildPhase section */

/* Begin PBXGroup section */
		2A7D2FEAA7D4B8097DC81901 /* Pods */ = {
			isa = PBXGroup;
			children = (
				A5E553F92B1518216BB4F6E6 /* Pods-MediaApp.debug.xcconfig */,
				F56B20D87B558ECA79D311F7 /* Pods-MediaApp.release.xcconfig */,
			);
			path = Pods;
			sourceTree = "<group>";
		};
		B1F134FF2B502870009E80A3 = {
			isa = PBXGroup;
			children = (
				B1F1350A2B502870009E80A3 /* MediaApp */,
				B1F135092B502870009E80A3 /* Products */,
				2A7D2FEAA7D4B8097DC81901 /* Pods */,
				CCA82858BBAC5D067CB4E7CC /* Frameworks */,
			);
			sourceTree = "<group>";
		};
		B1F135092B502870009E80A3 /* Products */ = {
			isa = PBXGroup;
			children = (
				B1F135082B502870009E80A3 /* MediaApp.app */,
			);
			name = Products;
			sourceTree = "<group>";
		};
		B1F1350A2B502870009E80A3 /* MediaApp */ = {
			isa = PBXGroup;
			children = (
				B1F1350B2B502870009E80A3 /* AppDelegate.swift */,
				B1F1350D2B502870009E80A3 /* SceneDelegate.swift */,
				B19890952B5EB43500C1F93F /* CabbageViewController.swift */,
				B1F1350F2B502870009E80A3 /* LibsViewController.swift */,
				B19890932B59577900C1F93F /* PlayerDetailsViewController.swift */,
				B1F135142B502872009E80A3 /* Assets.xcassets */,
				B1F135162B502872009E80A3 /* LaunchScreen.storyboard */,
				B1F135192B502872009E80A3 /* Info.plist */,
			);
			path = MediaApp;
			sourceTree = "<group>";
		};
		CCA82858BBAC5D067CB4E7CC /* Frameworks */ = {
			isa = PBXGroup;
			children = (
				8AE4091E087B9063535A3DEC /* Pods_MediaApp.framework */,
			);
			name = Frameworks;
			sourceTree = "<group>";
		};
/* End PBXGroup section */

/* Begin PBXNativeTarget section */
		B1F135072B502870009E80A3 /* MediaApp */ = {
			isa = PBXNativeTarget;
			buildConfigurationList = B1F1351C2B502872009E80A3 /* Build configuration list for PBXNativeTarget "MediaApp" */;
			buildPhases = (
				C7F4F9806787B4CAB8F972AE /* [CP] Check Pods Manifest.lock */,
				B1F135042B502870009E80A3 /* Sources */,
				B1F135052B502870009E80A3 /* Frameworks */,
				B1F135062B502870009E80A3 /* Resources */,
				4C31F6A6B1F28DE6840F01F3 /* [CP] Embed Pods Frameworks */,
			);
			buildRules = (
			);
			dependencies = (
			);
			name = MediaApp;
			productName = MediaApp;
			productReference = B1F135082B502870009E80A3 /* MediaApp.app */;
			productType = "com.apple.product-type.application";
		};
/* End PBXNativeTarget section */

/* Begin PBXProject section */
		B1F135002B502870009E80A3 /* Project object */ = {
			isa = PBXProject;
			attributes = {
				BuildIndependentTargetsInParallel = 1;
				LastSwiftUpdateCheck = 1520;
				LastUpgradeCheck = 1520;
				TargetAttributes = {
					B1F135072B502870009E80A3 = {
						CreatedOnToolsVersion = 15.2;
					};
				};
			};
			buildConfigurationList = B1F135032B502870009E80A3 /* Build configuration list for PBXProject "MediaApp" */;
			compatibilityVersion = "Xcode 14.0";
			developmentRegion = en;
			hasScannedForEncodings = 0;
			knownRegions = (
				en,
				Base,
			);
			mainGroup = B1F134FF2B502870009E80A3;
			productRefGroup = B1F135092B502870009E80A3 /* Products */;
			projectDirPath = "";
			projectRoot = "";
			targets = (
				B1F135072B502870009E80A3 /* MediaApp */,
			);
		};
/* End PBXProject section */

/* Begin PBXResourcesBuildPhase section */
		B1F135062B502870009E80A3 /* Resources */ = {
			isa = PBXResourcesBuildPhase;
			buildActionMask = 2147483647;
			files = (
				B1F135182B502872009E80A3 /* LaunchScreen.storyboard in Resources */,
				B1F135152B502872009E80A3 /* Assets.xcassets in Resources */,
			);
			runOnlyForDeploymentPostprocessing = 0;
		};
/* End PBXResourcesBuildPhase section */

/* Begin PBXShellScriptBuildPhase section */
		4C31F6A6B1F28DE6840F01F3 /* [CP] Embed Pods Frameworks */ = {
			isa = PBXShellScriptBuildPhase;
			buildActionMask = 2147483647;
			files = (
			);
			inputFileListPaths = (
				"${PODS_ROOT}/Target Support Files/Pods-MediaApp/Pods-MediaApp-frameworks-${CONFIGURATION}-input-files.xcfilelist",
			);
			name = "[CP] Embed Pods Frameworks";
			outputFileListPaths = (
				"${PODS_ROOT}/Target Support Files/Pods-MediaApp/Pods-MediaApp-frameworks-${CONFIGURATION}-output-files.xcfilelist",
			);
			runOnlyForDeploymentPostprocessing = 0;
			shellPath = /bin/sh;
			shellScript = "\"${PODS_ROOT}/Target Support Files/Pods-MediaApp/Pods-MediaApp-frameworks.sh\"\n";
			showEnvVarsInLog = 0;
		};
		C7F4F9806787B4CAB8F972AE /* [CP] Check Pods Manifest.lock */ = {
			isa = PBXShellScriptBuildPhase;
			buildActionMask = 2147483647;
			files = (
			);
			inputFileListPaths = (
			);
			inputPaths = (
				"${PODS_PODFILE_DIR_PATH}/Podfile.lock",
				"${PODS_ROOT}/Manifest.lock",
			);
			name = "[CP] Check Pods Manifest.lock";
			outputFileListPaths = (
			);
			outputPaths = (
				"$(DERIVED_FILE_DIR)/Pods-MediaApp-checkManifestLockResult.txt",
			);
			runOnlyForDeploymentPostprocessing = 0;
			shellPath = /bin/sh;
			shellScript = "diff \"${PODS_PODFILE_DIR_PATH}/Podfile.lock\" \"${PODS_ROOT}/Manifest.lock\" > /dev/null\nif [ $? != 0 ] ; then\n    # print error to STDERR\n    echo \"error: The sandbox is not in sync with the Podfile.lock. Run 'pod install' or update your CocoaPods installation.\" >&2\n    exit 1\nfi\n# This output is used by Xcode 'outputs' to avoid re-running this script phase.\necho \"SUCCESS\" > \"${SCRIPT_OUTPUT_FILE_0}\"\n";
			showEnvVarsInLog = 0;
		};
/* End PBXShellScriptBuildPhase section */

/* Begin PBXSourcesBuildPhase section */
		B1F135042B502870009E80A3 /* Sources */ = {
			isa = PBXSourcesBuildPhase;
			buildActionMask = 2147483647;
			files = (
				B1F135102B502870009E80A3 /* LibsViewController.swift in Sources */,
				B19890962B5EB43500C1F93F /* CabbageViewController.swift in Sources */,
				B1F1350C2B502870009E80A3 /* AppDelegate.swift in Sources */,
				B19890942B59577900C1F93F /* PlayerDetailsViewController.swift in Sources */,
				B1F1350E2B502870009E80A3 /* SceneDelegate.swift in Sources */,
			);
			runOnlyForDeploymentPostprocessing = 0;
		};
/* End PBXSourcesBuildPhase section */

/* Begin PBXVariantGroup section */
		B1F135162B502872009E80A3 /* LaunchScreen.storyboard */ = {
			isa = PBXVariantGroup;
			children = (
				B1F135172B502872009E80A3 /* Base */,
			);
			name = LaunchScreen.storyboard;
			sourceTree = "<group>";
		};
/* End PBXVariantGroup section */

/* Begin XCBuildConfiguration section */
		B1F1351A2B502872009E80A3 /* Debug */ = {
			isa = XCBuildConfiguration;
			buildSettings = {
				ALWAYS_SEARCH_USER_PATHS = NO;
				ASSETCATALOG_COMPILER_GENERATE_SWIFT_ASSET_SYMBOL_EXTENSIONS = YES;
				CLANG_ANALYZER_NONNULL = YES;
				CLANG_ANALYZER_NUMBER_OBJECT_CONVERSION = YES_AGGRESSIVE;
				CLANG_CXX_LANGUAGE_STANDARD = "gnu++20";
				CLANG_ENABLE_MODULES = YES;
				CLANG_ENABLE_OBJC_ARC = YES;
				CLANG_ENABLE_OBJC_WEAK = YES;
				CLANG_WARN_BLOCK_CAPTURE_AUTORELEASING = YES;
				CLANG_WARN_BOOL_CONVERSION = YES;
				CLANG_WARN_COMMA = YES;
				CLANG_WARN_CONSTANT_CONVERSION = YES;
				CLANG_WARN_DEPRECATED_OBJC_IMPLEMENTATIONS = YES;
				CLANG_WARN_DIRECT_OBJC_ISA_USAGE = YES_ERROR;
				CLANG_WARN_DOCUMENTATION_COMMENTS = YES;
				CLANG_WARN_EMPTY_BODY = YES;
				CLANG_WARN_ENUM_CONVERSION = YES;
				CLANG_WARN_INFINITE_RECURSION = YES;
				CLANG_WARN_INT_CONVERSION = YES;
				CLANG_WARN_NON_LITERAL_NULL_CONVERSION = YES;
				CLANG_WARN_OBJC_IMPLICIT_RETAIN_SELF = YES;
				CLANG_WARN_OBJC_LITERAL_CONVERSION = YES;
				CLANG_WARN_OBJC_ROOT_CLASS = YES_ERROR;
				CLANG_WARN_QUOTED_INCLUDE_IN_FRAMEWORK_HEADER = YES;
				CLANG_WARN_RANGE_LOOP_ANALYSIS = YES;
				CLANG_WARN_STRICT_PROTOTYPES = YES;
				CLANG_WARN_SUSPICIOUS_MOVE = YES;
				CLANG_WARN_UNGUARDED_AVAILABILITY = YES_AGGRESSIVE;
				CLANG_WARN_UNREACHABLE_CODE = YES;
				CLANG_WARN__DUPLICATE_METHOD_MATCH = YES;
				COPY_PHASE_STRIP = NO;
				DEBUG_INFORMATION_FORMAT = dwarf;
				ENABLE_STRICT_OBJC_MSGSEND = YES;
				ENABLE_TESTABILITY = YES;
				ENABLE_USER_SCRIPT_SANDBOXING = YES;
				GCC_C_LANGUAGE_STANDARD = gnu17;
				GCC_DYNAMIC_NO_PIC = NO;
				GCC_NO_COMMON_BLOCKS = YES;
				GCC_OPTIMIZATION_LEVEL = 0;
				GCC_PREPROCESSOR_DEFINITIONS = (
					"DEBUG=1",
					"$(inherited)",
				);
				GCC_WARN_64_TO_32_BIT_CONVERSION = YES;
				GCC_WARN_ABOUT_RETURN_TYPE = YES_ERROR;
				GCC_WARN_UNDECLARED_SELECTOR = YES;
				GCC_WARN_UNINITIALIZED_AUTOS = YES_AGGRESSIVE;
				GCC_WARN_UNUSED_FUNCTION = YES;
				GCC_WARN_UNUSED_VARIABLE = YES;
				IPHONEOS_DEPLOYMENT_TARGET = 15.0;
				LOCALIZATION_PREFERS_STRING_CATALOGS = YES;
				MTL_ENABLE_DEBUG_INFO = INCLUDE_SOURCE;
				MTL_FAST_MATH = YES;
				ONLY_ACTIVE_ARCH = YES;
				SDKROOT = iphoneos;
				SWIFT_ACTIVE_COMPILATION_CONDITIONS = "DEBUG $(inherited)";
				SWIFT_OPTIMIZATION_LEVEL = "-Onone";
			};
			name = Debug;
		};
		B1F1351B2B502872009E80A3 /* Release */ = {
			isa = XCBuildConfiguration;
			buildSettings = {
				ALWAYS_SEARCH_USER_PATHS = NO;
				ASSETCATALOG_COMPILER_GENERATE_SWIFT_ASSET_SYMBOL_EXTENSIONS = YES;
				CLANG_ANALYZER_NONNULL = YES;
				CLANG_ANALYZER_NUMBER_OBJECT_CONVERSION = YES_AGGRESSIVE;
				CLANG_CXX_LANGUAGE_STANDARD = "gnu++20";
				CLANG_ENABLE_MODULES = YES;
				CLANG_ENABLE_OBJC_ARC = YES;
				CLANG_ENABLE_OBJC_WEAK = YES;
				CLANG_WARN_BLOCK_CAPTURE_AUTORELEASING = YES;
				CLANG_WARN_BOOL_CONVERSION = YES;
				CLANG_WARN_COMMA = YES;
				CLANG_WARN_CONSTANT_CONVERSION = YES;
				CLANG_WARN_DEPRECATED_OBJC_IMPLEMENTATIONS = YES;
				CLANG_WARN_DIRECT_OBJC_ISA_USAGE = YES_ERROR;
				CLANG_WARN_DOCUMENTATION_COMMENTS = YES;
				CLANG_WARN_EMPTY_BODY = YES;
				CLANG_WARN_ENUM_CONVERSION = YES;
				CLANG_WARN_INFINITE_RECURSION = YES;
				CLANG_WARN_INT_CONVERSION = YES;
				CLANG_WARN_NON_LITERAL_NULL_CONVERSION = YES;
				CLANG_WARN_OBJC_IMPLICIT_RETAIN_SELF = YES;
				CLANG_WARN_OBJC_LITERAL_CONVERSION = YES;
				CLANG_WARN_OBJC_ROOT_CLASS = YES_ERROR;
				CLANG_WARN_QUOTED_INCLUDE_IN_FRAMEWORK_HEADER = YES;
				CLANG_WARN_RANGE_LOOP_ANALYSIS = YES;
				CLANG_WARN_STRICT_PROTOTYPES = YES;
				CLANG_WARN_SUSPICIOUS_MOVE = YES;
				CLANG_WARN_UNGUARDED_AVAILABILITY = YES_AGGRESSIVE;
				CLANG_WARN_UNREACHABLE_CODE = YES;
				CLANG_WARN__DUPLICATE_METHOD_MATCH = YES;
				COPY_PHASE_STRIP = NO;
				DEBUG_INFORMATION_FORMAT = "dwarf-with-dsym";
				ENABLE_NS_ASSERTIONS = NO;
				ENABLE_STRICT_OBJC_MSGSEND = YES;
				ENABLE_USER_SCRIPT_SANDBOXING = YES;
				GCC_C_LANGUAGE_STANDARD = gnu17;
				GCC_NO_COMMON_BLOCKS = YES;
				GCC_WARN_64_TO_32_BIT_CONVERSION = YES;
				GCC_WARN_ABOUT_RETURN_TYPE = YES_ERROR;
				GCC_WARN_UNDECLARED_SELECTOR = YES;
				GCC_WARN_UNINITIALIZED_AUTOS = YES_AGGRESSIVE;
				GCC_WARN_UNUSED_FUNCTION = YES;
				GCC_WARN_UNUSED_VARIABLE = YES;
				IPHONEOS_DEPLOYMENT_TARGET = 15.0;
				LOCALIZATION_PREFERS_STRING_CATALOGS = YES;
				MTL_ENABLE_DEBUG_INFO = NO;
				MTL_FAST_MATH = YES;
				SDKROOT = iphoneos;
				SWIFT_COMPILATION_MODE = wholemodule;
				VALIDATE_PRODUCT = YES;
			};
			name = Release;
		};
		B1F1351D2B502872009E80A3 /* Debug */ = {
			isa = XCBuildConfiguration;
			baseConfigurationReference = A5E553F92B1518216BB4F6E6 /* Pods-MediaApp.debug.xcconfig */;
			buildSettings = {
				ASSETCATALOG_COMPILER_APPICON_NAME = AppIcon;
				ASSETCATALOG_COMPILER_GLOBAL_ACCENT_COLOR_NAME = AccentColor;
				CODE_SIGN_STYLE = Automatic;
				CURRENT_PROJECT_VERSION = 1;
				DEVELOPMENT_TEAM = 44ZD229G4B;
				ENABLE_USER_SCRIPT_SANDBOXING = NO;
				GENERATE_INFOPLIST_FILE = YES;
				INFOPLIST_FILE = MediaApp/Info.plist;
				INFOPLIST_KEY_UIApplicationSupportsIndirectInputEvents = YES;
				INFOPLIST_KEY_UILaunchStoryboardName = LaunchScreen;
				INFOPLIST_KEY_UISupportedInterfaceOrientations = UIInterfaceOrientationPortrait;
				INFOPLIST_KEY_UISupportedInterfaceOrientations_iPad = "UIInterfaceOrientationLandscapeLeft UIInterfaceOrientationLandscapeRight UIInterfaceOrientationPortrait UIInterfaceOrientationPortraitUpsideDown";
				LD_RUNPATH_SEARCH_PATHS = (
					"$(inherited)",
					"@executable_path/Frameworks",
				);
				MARKETING_VERSION = 1.0;
				PRODUCT_BUNDLE_IDENTIFIER = com.ABzhnsk.MediaApp;
				PRODUCT_NAME = "$(TARGET_NAME)";
				SWIFT_EMIT_LOC_STRINGS = YES;
				SWIFT_VERSION = 5.0;
				TARGETED_DEVICE_FAMILY = "1,2";
			};
			name = Debug;
		};
		B1F1351E2B502872009E80A3 /* Release */ = {
			isa = XCBuildConfiguration;
			baseConfigurationReference = F56B20D87B558ECA79D311F7 /* Pods-MediaApp.release.xcconfig */;
			buildSettings = {
				ASSETCATALOG_COMPILER_APPICON_NAME = AppIcon;
				ASSETCATALOG_COMPILER_GLOBAL_ACCENT_COLOR_NAME = AccentColor;
				CODE_SIGN_STYLE = Automatic;
				CURRENT_PROJECT_VERSION = 1;
				DEVELOPMENT_TEAM = 44ZD229G4B;
				ENABLE_USER_SCRIPT_SANDBOXING = NO;
				GENERATE_INFOPLIST_FILE = YES;
				INFOPLIST_FILE = MediaApp/Info.plist;
				INFOPLIST_KEY_UIApplicationSupportsIndirectInputEvents = YES;
				INFOPLIST_KEY_UILaunchStoryboardName = LaunchScreen;
				INFOPLIST_KEY_UISupportedInterfaceOrientations = UIInterfaceOrientationPortrait;
				INFOPLIST_KEY_UISupportedInterfaceOrientations_iPad = "UIInterfaceOrientationLandscapeLeft UIInterfaceOrientationLandscapeRight UIInterfaceOrientationPortrait UIInterfaceOrientationPortraitUpsideDown";
				LD_RUNPATH_SEARCH_PATHS = (
					"$(inherited)",
					"@executable_path/Frameworks",
				);
				MARKETING_VERSION = 1.0;
				PRODUCT_BUNDLE_IDENTIFIER = com.ABzhnsk.MediaApp;
				PRODUCT_NAME = "$(TARGET_NAME)";
				SWIFT_EMIT_LOC_STRINGS = YES;
				SWIFT_VERSION = 5.0;
				TARGETED_DEVICE_FAMILY = "1,2";
			};
			name = Release;
		};
/* End XCBuildConfiguration section */

/* Begin XCConfigurationList section */
		B1F135032B502870009E80A3 /* Build configuration list for PBXProject "MediaApp" */ = {
			isa = XCConfigurationList;
			buildConfigurations = (
				B1F1351A2B502872009E80A3 /* Debug */,
				B1F1351B2B502872009E80A3 /* Release */,
			);
			defaultConfigurationIsVisible = 0;
			defaultConfigurationName = Release;
		};
		B1F1351C2B502872009E80A3 /* Build configuration list for PBXNativeTarget "MediaApp" */ = {
			isa = XCConfigurationList;
			buildConfigurations = (
				B1F1351D2B502872009E80A3 /* Debug */,
				B1F1351E2B502872009E80A3 /* Release */,
			);
			defaultConfigurationIsVisible = 0;
			defaultConfigurationName = Release;
		};
/* End XCConfigurationList section */
	};
	rootObject = B1F135002B502870009E80A3 /* Project object */;
}
